
Microsoft Visual Studio Solution File, Format Version 12.00
# Visual Studio 2012
Project("{FAE04EC0-301F-11D3-BF4B-00C04F79EFBC}") = "FTMatricula", "FTMatricula.csproj", "{59DFFC9D-03AA-4F13-A26F-972B4CDB2C9F}"
EndProject
Global
	GlobalSection(SolutionConfigurationPlatforms) = preSolution
		Debug|Any CPU = Debug|Any CPU
		Release|Any CPU = Release|Any CPU
	EndGlobalSection
	GlobalSection(ProjectConfigurationPlatforms) = postSolution
		{59DFFC9D-03AA-4F13-A26F-972B4CDB2C9F}.Debug|Any CPU.ActiveCfg = Debug|Any CPU
		{59DFFC9D-03AA-4F13-A26F-972B4CDB2C9F}.Debug|Any CPU.Build.0 = Debug|Any CPU
		{59DFFC9D-03AA-4F13-A26F-972B4CDB2C9F}.Release|Any CPU.ActiveCfg = Release|Any CPU
		{59DFFC9D-03AA-4F13-A26F-972B4CDB2C9F}.Release|Any CPU.Build.0 = Release|Any CPU
	EndGlobalSection
	GlobalSection(SolutionProperties) = preSolution
		HideSolutionNode = FALSE
	EndGlobalSection
EndGlobal
